
Microsoft Visual Studio Solution File, Format Version 12.00
# Visual Studio 14
VisualStudioVersion = 14.0.24720.0
MinimumVisualStudioVersion = 10.0.40219.1
Project("{FAE04EC0-301F-11D3-BF4B-00C04F79EFBC}") = "InternalContainer", "InternalContainer\InternalContainer.csproj", "{95EB285C-2916-425C-B50F-AF42B94D650C}"
EndProject
Project("{FAE04EC0-301F-11D3-BF4B-00C04F79EFBC}") = "InternalContainer.Tests", "InternalContainer.Tests\InternalContainer.Tests.csproj", "{AF9753AD-3F17-4787-A0FB-7A45B1C8DD88}"
EndProject
Global
	GlobalSection(SolutionConfigurationPlatforms) = preSolution
		Debug|Any CPU = Debug|Any CPU
		Release|Any CPU = Release|Any CPU
	EndGlobalSection
	GlobalSection(ProjectConfigurationPlatforms) = postSolution
		{95EB285C-2916-425C-B50F-AF42B94D650C}.Debug|Any CPU.ActiveCfg = Debug|Any CPU
		{95EB285C-2916-425C-B50F-AF42B94D650C}.Debug|Any CPU.Build.0 = Debug|Any CPU
		{95EB285C-2916-425C-B50F-AF42B94D650C}.Release|Any CPU.ActiveCfg = Release|Any CPU
		{95EB285C-2916-425C-B50F-AF42B94D650C}.Release|Any CPU.Build.0 = Release|Any CPU
		{AF9753AD-3F17-4787-A0FB-7A45B1C8DD88}.Debug|Any CPU.ActiveCfg = Debug|Any CPU
		{AF9753AD-3F17-4787-A0FB-7A45B1C8DD88}.Debug|Any CPU.Build.0 = Debug|Any CPU
		{AF9753AD-3F17-4787-A0FB-7A45B1C8DD88}.Release|Any CPU.ActiveCfg = Release|Any CPU
		{AF9753AD-3F17-4787-A0FB-7A45B1C8DD88}.Release|Any CPU.Build.0 = Release|Any CPU
	EndGlobalSection
	GlobalSection(SolutionProperties) = preSolution
		HideSolutionNode = FALSE
	EndGlobalSection
EndGlobal
