
Microsoft Visual Studio Solution File, Format Version 12.00
# Visual Studio 14
VisualStudioVersion = 14.0.25420.1
MinimumVisualStudioVersion = 10.0.40219.1
Project("{2150E333-8FDC-42A3-9474-1A3956D46DE8}") = "assets", "assets", "{45A24516-448B-45BA-AD58-92B41A1DD6E2}"
	ProjectSection(SolutionItems) = preProject
		AssemblyInfo.cs = AssemblyInfo.cs
		CONTRIBUTING.md = CONTRIBUTING.md
		LICENSE.txt = LICENSE.txt
		notes.txt = notes.txt
		README.md = README.md
		TypeResolutionFlowChart.png = TypeResolutionFlowChart.png
		TypeResolutionFlowChart.sdr = TypeResolutionFlowChart.sdr
		TypeResolutionFlowChart2.png = TypeResolutionFlowChart2.png
		StandardContainer\worm64.png = StandardContainer\worm64.png
	EndProjectSection
EndProject
Project("{FAE04EC0-301F-11D3-BF4B-00C04F79EFBC}") = "StandardContainer", "StandardContainer\StandardContainer.csproj", "{95EB285C-2916-425C-B50F-AF42B94D650C}"
EndProject
Project("{FAE04EC0-301F-11D3-BF4B-00C04F79EFBC}") = "StandardContainer.Tests", "StandardContainer.Tests\StandardContainer.Tests.csproj", "{AF9753AD-3F17-4787-A0FB-7A45B1C8DD88}"
EndProject
Global
	GlobalSection(SolutionConfigurationPlatforms) = preSolution
		Debug|Any CPU = Debug|Any CPU
		Release|Any CPU = Release|Any CPU
	EndGlobalSection
	GlobalSection(ProjectConfigurationPlatforms) = postSolution
		{95EB285C-2916-425C-B50F-AF42B94D650C}.Debug|Any CPU.ActiveCfg = Debug|Any CPU
		{95EB285C-2916-425C-B50F-AF42B94D650C}.Debug|Any CPU.Build.0 = Debug|Any CPU
		{95EB285C-2916-425C-B50F-AF42B94D650C}.Release|Any CPU.ActiveCfg = Release|Any CPU
		{95EB285C-2916-425C-B50F-AF42B94D650C}.Release|Any CPU.Build.0 = Release|Any CPU
		{AF9753AD-3F17-4787-A0FB-7A45B1C8DD88}.Debug|Any CPU.ActiveCfg = Debug|Any CPU
		{AF9753AD-3F17-4787-A0FB-7A45B1C8DD88}.Debug|Any CPU.Build.0 = Debug|Any CPU
		{AF9753AD-3F17-4787-A0FB-7A45B1C8DD88}.Release|Any CPU.ActiveCfg = Release|Any CPU
		{AF9753AD-3F17-4787-A0FB-7A45B1C8DD88}.Release|Any CPU.Build.0 = Release|Any CPU
	EndGlobalSection
	GlobalSection(SolutionProperties) = preSolution
		HideSolutionNode = FALSE
	EndGlobalSection
EndGlobal
