
Microsoft Visual Studio Solution File, Format Version 12.00
# Visual Studio 15
VisualStudioVersion = 15.0.26730.8
MinimumVisualStudioVersion = 10.0.40219.1
Project("{9A19103F-16F7-4668-BE54-9A1E7A4F7556}") = "StandardContainer", "StandardContainer\StandardContainer.csproj", "{DEF0368D-2196-463F-A57C-23403165ED69}"
EndProject
Project("{9A19103F-16F7-4668-BE54-9A1E7A4F7556}") = "Testing", "Testing\Testing.csproj", "{4996F71B-076D-449B-BDDD-1E14DD2E059A}"
EndProject
Global
	GlobalSection(SolutionConfigurationPlatforms) = preSolution
		Debug|Any CPU = Debug|Any CPU
		Debug|x64 = Debug|x64
		Debug|x86 = Debug|x86
		Release|Any CPU = Release|Any CPU
		Release|x64 = Release|x64
		Release|x86 = Release|x86
	EndGlobalSection
	GlobalSection(ProjectConfigurationPlatforms) = postSolution
		{DEF0368D-2196-463F-A57C-23403165ED69}.Debug|Any CPU.ActiveCfg = Debug|Any CPU
		{DEF0368D-2196-463F-A57C-23403165ED69}.Debug|Any CPU.Build.0 = Debug|Any CPU
		{DEF0368D-2196-463F-A57C-23403165ED69}.Debug|x64.ActiveCfg = Debug|Any CPU
		{DEF0368D-2196-463F-A57C-23403165ED69}.Debug|x64.Build.0 = Debug|Any CPU
		{DEF0368D-2196-463F-A57C-23403165ED69}.Debug|x86.ActiveCfg = Debug|Any CPU
		{DEF0368D-2196-463F-A57C-23403165ED69}.Debug|x86.Build.0 = Debug|Any CPU
		{DEF0368D-2196-463F-A57C-23403165ED69}.Release|Any CPU.ActiveCfg = Release|Any CPU
		{DEF0368D-2196-463F-A57C-23403165ED69}.Release|Any CPU.Build.0 = Release|Any CPU
		{DEF0368D-2196-463F-A57C-23403165ED69}.Release|x64.ActiveCfg = Release|Any CPU
		{DEF0368D-2196-463F-A57C-23403165ED69}.Release|x64.Build.0 = Release|Any CPU
		{DEF0368D-2196-463F-A57C-23403165ED69}.Release|x86.ActiveCfg = Release|Any CPU
		{DEF0368D-2196-463F-A57C-23403165ED69}.Release|x86.Build.0 = Release|Any CPU
		{4996F71B-076D-449B-BDDD-1E14DD2E059A}.Debug|Any CPU.ActiveCfg = Debug|Any CPU
		{4996F71B-076D-449B-BDDD-1E14DD2E059A}.Debug|Any CPU.Build.0 = Debug|Any CPU
		{4996F71B-076D-449B-BDDD-1E14DD2E059A}.Debug|x64.ActiveCfg = Debug|Any CPU
		{4996F71B-076D-449B-BDDD-1E14DD2E059A}.Debug|x64.Build.0 = Debug|Any CPU
		{4996F71B-076D-449B-BDDD-1E14DD2E059A}.Debug|x86.ActiveCfg = Debug|Any CPU
		{4996F71B-076D-449B-BDDD-1E14DD2E059A}.Debug|x86.Build.0 = Debug|Any CPU
		{4996F71B-076D-449B-BDDD-1E14DD2E059A}.Release|Any CPU.ActiveCfg = Release|Any CPU
		{4996F71B-076D-449B-BDDD-1E14DD2E059A}.Release|Any CPU.Build.0 = Release|Any CPU
		{4996F71B-076D-449B-BDDD-1E14DD2E059A}.Release|x64.ActiveCfg = Release|Any CPU
		{4996F71B-076D-449B-BDDD-1E14DD2E059A}.Release|x64.Build.0 = Release|Any CPU
		{4996F71B-076D-449B-BDDD-1E14DD2E059A}.Release|x86.ActiveCfg = Release|Any CPU
		{4996F71B-076D-449B-BDDD-1E14DD2E059A}.Release|x86.Build.0 = Release|Any CPU
	EndGlobalSection
	GlobalSection(SolutionProperties) = preSolution
		HideSolutionNode = FALSE
	EndGlobalSection
	GlobalSection(ExtensibilityGlobals) = postSolution
		SolutionGuid = {4D687E84-2680-4704-A34D-97D354C4CF6A}
	EndGlobalSection
EndGlobal
